
Microsoft Visual Studio Solution File, Format Version 12.00
# Visual Studio 2015
Project("{FAE04EC0-301F-11D3-BF4B-00C04F79EFBC}") = "AnimaleForest.CSharp.Plugins", "AnimaleForest.CSharp.Plugins.csproj", "{E6839764-F0C7-1E02-30F9-11EAE17AF35A}"
EndProject
Project("{FAE04EC0-301F-11D3-BF4B-00C04F79EFBC}") = "AnimaleForest.CSharp", "AnimaleForest.CSharp.csproj", "{654A7519-3FD9-1B51-51ED-41FAF4C9443C}"
EndProject
Project("{FAE04EC0-301F-11D3-BF4B-00C04F79EFBC}") = "AnimaleForest.CSharp.Editor", "AnimaleForest.CSharp.Editor.csproj", "{E9DF9D0E-FDDA-D6A7-D2D9-7E4B8D854879}"
EndProject
Global
	GlobalSection(SolutionConfigurationPlatforms) = preSolution
		Debug|Any CPU = Debug|Any CPU
		Release|Any CPU = Release|Any CPU
	EndGlobalSection
	GlobalSection(ProjectConfigurationPlatforms) = postSolution
		{E6839764-F0C7-1E02-30F9-11EAE17AF35A}.Debug|Any CPU.ActiveCfg = Debug|Any CPU
		{E6839764-F0C7-1E02-30F9-11EAE17AF35A}.Debug|Any CPU.Build.0 = Debug|Any CPU
		{E6839764-F0C7-1E02-30F9-11EAE17AF35A}.Release|Any CPU.ActiveCfg = Release|Any CPU
		{E6839764-F0C7-1E02-30F9-11EAE17AF35A}.Release|Any CPU.Build.0 = Release|Any CPU
		{654A7519-3FD9-1B51-51ED-41FAF4C9443C}.Debug|Any CPU.ActiveCfg = Debug|Any CPU
		{654A7519-3FD9-1B51-51ED-41FAF4C9443C}.Debug|Any CPU.Build.0 = Debug|Any CPU
		{654A7519-3FD9-1B51-51ED-41FAF4C9443C}.Release|Any CPU.ActiveCfg = Release|Any CPU
		{654A7519-3FD9-1B51-51ED-41FAF4C9443C}.Release|Any CPU.Build.0 = Release|Any CPU
		{E9DF9D0E-FDDA-D6A7-D2D9-7E4B8D854879}.Debug|Any CPU.ActiveCfg = Debug|Any CPU
		{E9DF9D0E-FDDA-D6A7-D2D9-7E4B8D854879}.Debug|Any CPU.Build.0 = Debug|Any CPU
		{E9DF9D0E-FDDA-D6A7-D2D9-7E4B8D854879}.Release|Any CPU.ActiveCfg = Release|Any CPU
		{E9DF9D0E-FDDA-D6A7-D2D9-7E4B8D854879}.Release|Any CPU.Build.0 = Release|Any CPU
	EndGlobalSection
	GlobalSection(SolutionProperties) = preSolution
		HideSolutionNode = FALSE
	EndGlobalSection
EndGlobal
