Microsoft Visual Studio Solution File, Format Version 11.00
# Visual Studio 2008

Project("{5343DE35-2F5B-5838-57E8-10039216A3A1}") = "ezfpsv05", "Assembly-CSharp-firstpass.csproj", "{2CC75DEA-FCBA-5082-3231-6C1A51123E84}"
EndProject
Project("{5343DE35-2F5B-5838-57E8-10039216A3A1}") = "ezfpsv05", "Assembly-CSharp.csproj", "{2384B2A3-3AE2-F807-B68C-2D15DC21EB50}"
EndProject
Project("{5343DE35-2F5B-5838-57E8-10039216A3A1}") = "ezfpsv05", "Assembly-CSharp-Editor.csproj", "{01608C5E-15E3-ED24-7A78-84D923C4E116}"
EndProject
Global
	GlobalSection(SolutionConfigurationPlatforms) = preSolution
		Debug|Any CPU = Debug|Any CPU
		Release|Any CPU = Release|Any CPU
	EndGlobalSection
	GlobalSection(ProjectConfigurationPlatforms) = postSolution
		{2CC75DEA-FCBA-5082-3231-6C1A51123E84}.Debug|Any CPU.ActiveCfg = Debug|Any CPU
		{2CC75DEA-FCBA-5082-3231-6C1A51123E84}.Debug|Any CPU.Build.0 = Debug|Any CPU
		{2CC75DEA-FCBA-5082-3231-6C1A51123E84}.Release|Any CPU.ActiveCfg = Release|Any CPU
		{2CC75DEA-FCBA-5082-3231-6C1A51123E84}.Release|Any CPU.Build.0 = Release|Any CPU
		{2384B2A3-3AE2-F807-B68C-2D15DC21EB50}.Debug|Any CPU.ActiveCfg = Debug|Any CPU
		{2384B2A3-3AE2-F807-B68C-2D15DC21EB50}.Debug|Any CPU.Build.0 = Debug|Any CPU
		{2384B2A3-3AE2-F807-B68C-2D15DC21EB50}.Release|Any CPU.ActiveCfg = Release|Any CPU
		{2384B2A3-3AE2-F807-B68C-2D15DC21EB50}.Release|Any CPU.Build.0 = Release|Any CPU
		{01608C5E-15E3-ED24-7A78-84D923C4E116}.Debug|Any CPU.ActiveCfg = Debug|Any CPU
		{01608C5E-15E3-ED24-7A78-84D923C4E116}.Debug|Any CPU.Build.0 = Debug|Any CPU
		{01608C5E-15E3-ED24-7A78-84D923C4E116}.Release|Any CPU.ActiveCfg = Release|Any CPU
		{01608C5E-15E3-ED24-7A78-84D923C4E116}.Release|Any CPU.Build.0 = Release|Any CPU
	EndGlobalSection
	GlobalSection(SolutionProperties) = preSolution
		HideSolutionNode = FALSE
	EndGlobalSection
														GlobalSection(MonoDevelopProperties) = preSolution
		StartupItem = Assembly-CSharp.csproj
		Policies = $0
		$0.TextStylePolicy = $1
		$1.inheritsSet = null
		$1.scope = text/x-csharp
		$0.CSharpFormattingPolicy = $2
		$2.inheritsSet = Mono
		$2.inheritsScope = text/x-csharp
		$2.scope = text/x-csharp
		$0.TextStylePolicy = $3
		$3.FileWidth = 120
		$3.TabWidth = 4
		$3.IndentWidth = 4
		$3.EolMarker = Unix
		$3.inheritsSet = Mono
		$3.inheritsScope = text/plain
		$3.scope = text/plain
	EndGlobalSection

EndGlobal
